{
  "version": 1,
  "dependencies": {
    "net10.0": {
      "FluentValidation": {
        "type": "Direct",
        "requested": "[12.1.1, )",
        "resolved": "12.1.1",
        "contentHash": "EPpkIe1yh1a0OXyC100oOA8WMbZvqUu5plwhvYcb7oSELfyUZzfxV48BLhvs3kKo4NwG7MGLNgy1RJiYtT8Dpw=="
      },
      "FluentValidation.DependencyInjectionExtensions": {
        "type": "Direct",
        "requested": "[12.1.1, )",
        "resolved": "12.1.1",
        "contentHash": "D0VXh4dtjjX2aQizuaa0g6R8X3U1JaVqJPfGCvLwZX9t/O2h7tkpbitbadQMfwcgSPdDbI2vDxuwRMv/Uf9dHA==",
        "dependencies": {
          "FluentValidation": "12.1.1"
        }
      },
      "MediatR": {
        "type": "Direct",
        "requested": "[11.1.0, )",
        "resolved": "11.1.0",
        "contentHash": "YIbtrLOyeCuIv8vIuHL/mMdls5xmgS36pIOJDxKZuu55nxA2MI2Z+E/Uk0z+F/LE11AGmpjplOM0NZ91m5LQBA==",
        "dependencies": {
          "MediatR.Contracts": "1.0.1"
        }
      },
      "MediatR.Extensions.Microsoft.DependencyInjection": {
        "type": "Direct",
        "requested": "[11.1.0, )",
        "resolved": "11.1.0",
        "contentHash": "RW3etRuy6Xp63cgqfC0r/ITOtUT0f9ymJl1+1XZdzsYUsfv7WBPC2kXGOP8IYpY/6c4Q6805vbIW/88DopUs3w==",
        "dependencies": {
          "MediatR": "[11.0.0, 12.0.0)"
        }
      },
      "PokeApiNet": {
        "type": "Direct",
        "requested": "[4.1.0, )",
        "resolved": "4.1.0",
        "contentHash": "3eU/WIW2N00CikDATuntV8gScbVwqPSJ2rT3zQAvH5hS8yIQuSCp5Xyt4l+bonUYA4Mb0j5EZvX5c8Wdwp3FiA=="
      },
      "MediatR.Contracts": {
        "type": "Transitive",
        "resolved": "1.0.1",
        "contentHash": "NsRvOxthhkYml4DcBMyJsmym8C4MchioH7wxKVPEg7plFj9Euh/i4IcmZ3Gvgx6+K8obeuhPeJdoBl56wnuo3A=="
      }
    }
  }
}